
Microsoft Visual Studio Solution File, Format Version 12.00
# Visual Studio 15
VisualStudioVersion = 15.0.27130.2036
MinimumVisualStudioVersion = 10.0.40219.1
Project("{FAE04EC0-301F-11D3-BF4B-00C04F79EFBC}") = "Requester", "Requester\Requester.csproj", "{83C32B86-A1CE-4BBE-9C3E-BC9EDD79F74A}"
EndProject
Project("{FAE04EC0-301F-11D3-BF4B-00C04F79EFBC}") = "Console Requester", "Console Requester\Console Requester.csproj", "{2DBC1497-9344-4FFD-8FC4-12B5DBCDC9ED}"
EndProject
Project("{FAE04EC0-301F-11D3-BF4B-00C04F79EFBC}") = "NYT Requester", "NYT Requester\NYT Requester.csproj", "{799CEBD7-9A47-4A09-AB09-56FDA11DC137}"
EndProject
Global
	GlobalSection(SolutionConfigurationPlatforms) = preSolution
		Debug|Any CPU = Debug|Any CPU
		Release|Any CPU = Release|Any CPU
	EndGlobalSection
	GlobalSection(ProjectConfigurationPlatforms) = postSolution
		{83C32B86-A1CE-4BBE-9C3E-BC9EDD79F74A}.Debug|Any CPU.ActiveCfg = Debug|Any CPU
		{83C32B86-A1CE-4BBE-9C3E-BC9EDD79F74A}.Debug|Any CPU.Build.0 = Debug|Any CPU
		{83C32B86-A1CE-4BBE-9C3E-BC9EDD79F74A}.Release|Any CPU.ActiveCfg = Release|Any CPU
		{83C32B86-A1CE-4BBE-9C3E-BC9EDD79F74A}.Release|Any CPU.Build.0 = Release|Any CPU
		{2DBC1497-9344-4FFD-8FC4-12B5DBCDC9ED}.Debug|Any CPU.ActiveCfg = Debug|Any CPU
		{2DBC1497-9344-4FFD-8FC4-12B5DBCDC9ED}.Debug|Any CPU.Build.0 = Debug|Any CPU
		{2DBC1497-9344-4FFD-8FC4-12B5DBCDC9ED}.Release|Any CPU.ActiveCfg = Release|Any CPU
		{2DBC1497-9344-4FFD-8FC4-12B5DBCDC9ED}.Release|Any CPU.Build.0 = Release|Any CPU
		{799CEBD7-9A47-4A09-AB09-56FDA11DC137}.Debug|Any CPU.ActiveCfg = Debug|Any CPU
		{799CEBD7-9A47-4A09-AB09-56FDA11DC137}.Debug|Any CPU.Build.0 = Debug|Any CPU
		{799CEBD7-9A47-4A09-AB09-56FDA11DC137}.Release|Any CPU.ActiveCfg = Release|Any CPU
		{799CEBD7-9A47-4A09-AB09-56FDA11DC137}.Release|Any CPU.Build.0 = Release|Any CPU
	EndGlobalSection
	GlobalSection(SolutionProperties) = preSolution
		HideSolutionNode = FALSE
	EndGlobalSection
	GlobalSection(ExtensibilityGlobals) = postSolution
		SolutionGuid = {B9D26DB1-E6D5-4AEC-913A-DC1BB80BCF4F}
	EndGlobalSection
EndGlobal
